
Microsoft Visual Studio Solution File, Format Version 12.00
# Visual Studio 15
VisualStudioVersion = 15.0.28307.329
MinimumVisualStudioVersion = 10.0.40219.1
Project("{9A19103F-16F7-4668-BE54-9A1E7A4F7556}") = "WSGateway", "WSGateway\WSGateway.csproj", "{5620FCA9-AC1D-4E32-99BC-60AA9FB297DC}"
EndProject
Global
	GlobalSection(SolutionConfigurationPlatforms) = preSolution
		Debug|Any CPU = Debug|Any CPU
		Release|Any CPU = Release|Any CPU
	EndGlobalSection
	GlobalSection(ProjectConfigurationPlatforms) = postSolution
		{5620FCA9-AC1D-4E32-99BC-60AA9FB297DC}.Debug|Any CPU.ActiveCfg = Debug|Any CPU
		{5620FCA9-AC1D-4E32-99BC-60AA9FB297DC}.Debug|Any CPU.Build.0 = Debug|Any CPU
		{5620FCA9-AC1D-4E32-99BC-60AA9FB297DC}.Release|Any CPU.ActiveCfg = Release|Any CPU
		{5620FCA9-AC1D-4E32-99BC-60AA9FB297DC}.Release|Any CPU.Build.0 = Release|Any CPU
	EndGlobalSection
	GlobalSection(SolutionProperties) = preSolution
		HideSolutionNode = FALSE
	EndGlobalSection
	GlobalSection(ExtensibilityGlobals) = postSolution
		SolutionGuid = {7CCBB978-4E28-4F8B-955D-5078B91FCA0B}
	EndGlobalSection
	GlobalSection(TeamFoundationVersionControl) = preSolution
		SccNumberOfProjects = 2
		SccEnterpriseProvider = {4CA58AB2-18FA-4F8D-95D4-32DDF27D184C}
		SccTeamFoundationServer = https://adesarrollo/flotamas
		SccLocalPath0 = .
		SccProjectUniqueName1 = WSGateway\\WSGateway.csproj
		SccProjectName1 = WSGateway
		SccLocalPath1 = WSGateway
	EndGlobalSection
EndGlobal
