
Microsoft Visual Studio Solution File, Format Version 12.00
# Visual Studio Version 16
VisualStudioVersion = 16.0.29509.3
MinimumVisualStudioVersion = 10.0.40219.1
Project("{FAE04EC0-301F-11D3-BF4B-00C04F79EFBC}") = "WSVehiculos", "WSVehiculos\WSVehiculos.csproj", "{588F8BAB-4235-430C-85FC-62CD638717A4}"
EndProject
Global
	GlobalSection(SolutionConfigurationPlatforms) = preSolution
		Debug|Any CPU = Debug|Any CPU
		Release|Any CPU = Release|Any CPU
	EndGlobalSection
	GlobalSection(ProjectConfigurationPlatforms) = postSolution
		{588F8BAB-4235-430C-85FC-62CD638717A4}.Debug|Any CPU.ActiveCfg = Debug|Any CPU
		{588F8BAB-4235-430C-85FC-62CD638717A4}.Debug|Any CPU.Build.0 = Debug|Any CPU
		{588F8BAB-4235-430C-85FC-62CD638717A4}.Release|Any CPU.ActiveCfg = Release|Any CPU
		{588F8BAB-4235-430C-85FC-62CD638717A4}.Release|Any CPU.Build.0 = Release|Any CPU
	EndGlobalSection
	GlobalSection(SolutionProperties) = preSolution
		HideSolutionNode = FALSE
	EndGlobalSection
	GlobalSection(ExtensibilityGlobals) = postSolution
		SolutionGuid = {841B220A-A0CA-432E-911A-0B17BCDE603C}
	EndGlobalSection
EndGlobal
