
Microsoft Visual Studio Solution File, Format Version 12.00
# Visual Studio 15
VisualStudioVersion = 15.0.28307.329
MinimumVisualStudioVersion = 10.0.40219.1
Project("{FAE04EC0-301F-11D3-BF4B-00C04F79EFBC}") = "WSTerceros", "WSTerceros\WSTerceros.csproj", "{B56D6229-3DC1-41C9-BD6E-C5242051F68A}"
EndProject
Global
	GlobalSection(SolutionConfigurationPlatforms) = preSolution
		Debug|Any CPU = Debug|Any CPU
		Release|Any CPU = Release|Any CPU
	EndGlobalSection
	GlobalSection(ProjectConfigurationPlatforms) = postSolution
		{B56D6229-3DC1-41C9-BD6E-C5242051F68A}.Debug|Any CPU.ActiveCfg = Debug|Any CPU
		{B56D6229-3DC1-41C9-BD6E-C5242051F68A}.Debug|Any CPU.Build.0 = Debug|Any CPU
		{B56D6229-3DC1-41C9-BD6E-C5242051F68A}.Release|Any CPU.ActiveCfg = Release|Any CPU
		{B56D6229-3DC1-41C9-BD6E-C5242051F68A}.Release|Any CPU.Build.0 = Release|Any CPU
	EndGlobalSection
	GlobalSection(SolutionProperties) = preSolution
		HideSolutionNode = FALSE
	EndGlobalSection
	GlobalSection(ExtensibilityGlobals) = postSolution
		SolutionGuid = {6645A068-BA6C-4064-9707-FB42FCC04628}
	EndGlobalSection
EndGlobal
